
Microsoft Visual Studio Solution File, Format Version 12.00
# Visual Studio Version 17
VisualStudioVersion = 17.9.34616.47
MinimumVisualStudioVersion = 10.0.40219.1
Project("{FAE04EC0-301F-11D3-BF4B-00C04F79EFBC}") = "CLDV6212-FuncApp", "CLDV6212-FuncApp.csproj", "{718B8166-79EC-4CC2-B097-DEAD3D4E0EBB}"
EndProject
Global
	GlobalSection(SolutionConfigurationPlatforms) = preSolution
		Debug|Any CPU = Debug|Any CPU
		Release|Any CPU = Release|Any CPU
	EndGlobalSection
	GlobalSection(ProjectConfigurationPlatforms) = postSolution
		{718B8166-79EC-4CC2-B097-DEAD3D4E0EBB}.Debug|Any CPU.ActiveCfg = Debug|Any CPU
		{718B8166-79EC-4CC2-B097-DEAD3D4E0EBB}.Debug|Any CPU.Build.0 = Debug|Any CPU
		{718B8166-79EC-4CC2-B097-DEAD3D4E0EBB}.Release|Any CPU.ActiveCfg = Release|Any CPU
		{718B8166-79EC-4CC2-B097-DEAD3D4E0EBB}.Release|Any CPU.Build.0 = Release|Any CPU
	EndGlobalSection
	GlobalSection(SolutionProperties) = preSolution
		HideSolutionNode = FALSE
	EndGlobalSection
	GlobalSection(ExtensibilityGlobals) = postSolution
		SolutionGuid = {0BD50AC0-5736-4C14-A91D-48270E1B256D}
	EndGlobalSection
EndGlobal
